
Microsoft Visual Studio Solution File, Format Version 12.00
# Visual Studio Version 16
VisualStudioVersion = 16.0.30907.101
MinimumVisualStudioVersion = 10.0.40219.1
Project("{FAE04EC0-301F-11D3-BF4B-00C04F79EFBC}") = "Real Estate Design UI Dashboard", "Real Estate Design UI Dashboard\Real Estate Design UI Dashboard.csproj", "{53DB2CE5-A249-4A6E-BB90-D96E5CBA33F4}"
EndProject
Global
	GlobalSection(SolutionConfigurationPlatforms) = preSolution
		Debug|Any CPU = Debug|Any CPU
		Release|Any CPU = Release|Any CPU
	EndGlobalSection
	GlobalSection(ProjectConfigurationPlatforms) = postSolution
		{53DB2CE5-A249-4A6E-BB90-D96E5CBA33F4}.Debug|Any CPU.ActiveCfg = Debug|Any CPU
		{53DB2CE5-A249-4A6E-BB90-D96E5CBA33F4}.Debug|Any CPU.Build.0 = Debug|Any CPU
		{53DB2CE5-A249-4A6E-BB90-D96E5CBA33F4}.Release|Any CPU.ActiveCfg = Release|Any CPU
		{53DB2CE5-A249-4A6E-BB90-D96E5CBA33F4}.Release|Any CPU.Build.0 = Release|Any CPU
	EndGlobalSection
	GlobalSection(SolutionProperties) = preSolution
		HideSolutionNode = FALSE
	EndGlobalSection
	GlobalSection(ExtensibilityGlobals) = postSolution
		SolutionGuid = {FBBD2FF5-F0B0-4C57-8837-9E557272B2D6}
	EndGlobalSection
EndGlobal
